
Microsoft Visual Studio Solution File, Format Version 12.00
# Visual Studio 15
VisualStudioVersion = 15.0.28307.329
MinimumVisualStudioVersion = 10.0.40219.1
Project("{FAE04EC0-301F-11D3-BF4B-00C04F79EFBC}") = "BilletLibrary", "BilletLibrary\BilletLibrary.csproj", "{02D24F1D-7EAA-4B15-B103-0A0361982F4C}"
EndProject
Project("{FAE04EC0-301F-11D3-BF4B-00C04F79EFBC}") = "BilletLibraryUnitTest", "BilletLibraryUnitTest\BilletLibraryUnitTest.csproj", "{3C8636D8-7BFF-4D75-9F71-F03D43DC9756}"
EndProject
Global
	GlobalSection(SolutionConfigurationPlatforms) = preSolution
		Debug|Any CPU = Debug|Any CPU
		Release|Any CPU = Release|Any CPU
	EndGlobalSection
	GlobalSection(ProjectConfigurationPlatforms) = postSolution
		{02D24F1D-7EAA-4B15-B103-0A0361982F4C}.Debug|Any CPU.ActiveCfg = Debug|Any CPU
		{02D24F1D-7EAA-4B15-B103-0A0361982F4C}.Debug|Any CPU.Build.0 = Debug|Any CPU
		{02D24F1D-7EAA-4B15-B103-0A0361982F4C}.Release|Any CPU.ActiveCfg = Release|Any CPU
		{02D24F1D-7EAA-4B15-B103-0A0361982F4C}.Release|Any CPU.Build.0 = Release|Any CPU
		{3C8636D8-7BFF-4D75-9F71-F03D43DC9756}.Debug|Any CPU.ActiveCfg = Debug|Any CPU
		{3C8636D8-7BFF-4D75-9F71-F03D43DC9756}.Debug|Any CPU.Build.0 = Debug|Any CPU
		{3C8636D8-7BFF-4D75-9F71-F03D43DC9756}.Release|Any CPU.ActiveCfg = Release|Any CPU
		{3C8636D8-7BFF-4D75-9F71-F03D43DC9756}.Release|Any CPU.Build.0 = Release|Any CPU
	EndGlobalSection
	GlobalSection(SolutionProperties) = preSolution
		HideSolutionNode = FALSE
	EndGlobalSection
	GlobalSection(ExtensibilityGlobals) = postSolution
		SolutionGuid = {FA662644-1109-45DD-AB66-1473CA2D11FC}
	EndGlobalSection
EndGlobal
